// !$*UTF8*$!
{
	archiveVersion = 1;
	classes = {
	};
	objectVersion = 55;
	objects = {

/* Begin PBXBuildFile section */
		F00B6890276A435F00D5B877 /* countline.cpp in Sources */ = {isa = PBXBuildFile; fileRef = F00B688E276A435F00D5B877 /* countline.cpp */; };
		F0539A012768D2EB004DF3E0 /* log4me.cpp in Sources */ = {isa = PBXBuildFile; fileRef = F05399FF2768D2EB004DF3E0 /* log4me.cpp */; };
		F0E4607D27674E5500A9A18B /* main.cpp in Sources */ = {isa = PBXBuildFile; fileRef = F0E4607C27674E5500A9A18B /* main.cpp */; };
		F0E4608527675A7A00A9A18B /* welcome.cpp in Sources */ = {isa = PBXBuildFile; fileRef = F0E4608327675A7A00A9A18B /* welcome.cpp */; };
		F0E460882767760600A9A18B /* commands.cpp in Sources */ = {isa = PBXBuildFile; fileRef = F0E460862767760600A9A18B /* commands.cpp */; };
		F0E60B38276852C500B89741 /* commandn.cpp in Sources */ = {isa = PBXBuildFile; fileRef = F0E60B36276852C500B89741 /* commandn.cpp */; };
/* End PBXBuildFile section */

/* Begin PBXCopyFilesBuildPhase section */
		F0E4607727674E5500A9A18B /* CopyFiles */ = {
			isa = PBXCopyFilesBuildPhase;
			buildActionMask = 2147483647;
			dstPath = /usr/share/man/man1/;
			dstSubfolderSpec = 0;
			files = (
			);
			runOnlyForDeploymentPostprocessing = 1;
		};
/* End PBXCopyFilesBuildPhase section */

/* Begin PBXFileReference section */
		F00B688E276A435F00D5B877 /* countline.cpp */ = {isa = PBXFileReference; lastKnownFileType = sourcecode.cpp.cpp; path = countline.cpp; sourceTree = "<group>"; };
		F00B688F276A435F00D5B877 /* countline.hpp */ = {isa = PBXFileReference; lastKnownFileType = sourcecode.cpp.h; path = countline.hpp; sourceTree = "<group>"; };
		F05399FF2768D2EB004DF3E0 /* log4me.cpp */ = {isa = PBXFileReference; lastKnownFileType = sourcecode.cpp.cpp; path = log4me.cpp; sourceTree = "<group>"; };
		F0539A002768D2EB004DF3E0 /* log4me.hpp */ = {isa = PBXFileReference; lastKnownFileType = sourcecode.cpp.h; path = log4me.hpp; sourceTree = "<group>"; };
		F0E4607927674E5500A9A18B /* Library-cli */ = {isa = PBXFileReference; explicitFileType = "compiled.mach-o.executable"; includeInIndex = 0; path = "Library-cli"; sourceTree = BUILT_PRODUCTS_DIR; };
		F0E4607C27674E5500A9A18B /* main.cpp */ = {isa = PBXFileReference; lastKnownFileType = sourcecode.cpp.cpp; path = main.cpp; sourceTree = "<group>"; };
		F0E4608327675A7A00A9A18B /* welcome.cpp */ = {isa = PBXFileReference; lastKnownFileType = sourcecode.cpp.cpp; path = welcome.cpp; sourceTree = "<group>"; };
		F0E4608427675A7A00A9A18B /* welcome.hpp */ = {isa = PBXFileReference; lastKnownFileType = sourcecode.cpp.h; path = welcome.hpp; sourceTree = "<group>"; };
		F0E460862767760600A9A18B /* commands.cpp */ = {isa = PBXFileReference; lastKnownFileType = sourcecode.cpp.cpp; path = commands.cpp; sourceTree = "<group>"; };
		F0E460872767760600A9A18B /* commands.hpp */ = {isa = PBXFileReference; lastKnownFileType = sourcecode.cpp.h; path = commands.hpp; sourceTree = "<group>"; };
		F0E60B36276852C500B89741 /* commandn.cpp */ = {isa = PBXFileReference; lastKnownFileType = sourcecode.cpp.cpp; path = commandn.cpp; sourceTree = "<group>"; };
		F0E60B37276852C500B89741 /* commandn.hpp */ = {isa = PBXFileReference; lastKnownFileType = sourcecode.cpp.h; path = commandn.hpp; sourceTree = "<group>"; };
/* End PBXFileReference section */

/* Begin PBXFrameworksBuildPhase section */
		F0E4607627674E5500A9A18B /* Frameworks */ = {
			isa = PBXFrameworksBuildPhase;
			buildActionMask = 2147483647;
			files = (
			);
			runOnlyForDeploymentPostprocessing = 0;
		};
/* End PBXFrameworksBuildPhase section */

/* Begin PBXGroup section */
		F034713527687BF8006E8D7C /* include */ = {
			isa = PBXGroup;
			children = (
				F0539A002768D2EB004DF3E0 /* log4me.hpp */,
				F0E60B37276852C500B89741 /* commandn.hpp */,
				F0E460872767760600A9A18B /* commands.hpp */,
				F0E4608427675A7A00A9A18B /* welcome.hpp */,
				F00B688F276A435F00D5B877 /* countline.hpp */,
			);
			path = include;
			sourceTree = "<group>";
		};
		F0E4607027674E5500A9A18B = {
			isa = PBXGroup;
			children = (
				F034713527687BF8006E8D7C /* include */,
				F0E4607B27674E5500A9A18B /* src */,
				F0E4607A27674E5500A9A18B /* Products */,
			);
			sourceTree = "<group>";
		};
		F0E4607A27674E5500A9A18B /* Products */ = {
			isa = PBXGroup;
			children = (
				F0E4607927674E5500A9A18B /* Library-cli */,
			);
			name = Products;
			sourceTree = "<group>";
		};
		F0E4607B27674E5500A9A18B /* src */ = {
			isa = PBXGroup;
			children = (
				F0E4607C27674E5500A9A18B /* main.cpp */,
				F05399FF2768D2EB004DF3E0 /* log4me.cpp */,
				F0E460862767760600A9A18B /* commands.cpp */,
				F00B688E276A435F00D5B877 /* countline.cpp */,
				F0E60B36276852C500B89741 /* commandn.cpp */,
				F0E4608327675A7A00A9A18B /* welcome.cpp */,
			);
			path = src;
			sourceTree = "<group>";
		};
/* End PBXGroup section */

/* Begin PBXNativeTarget section */
		F0E4607827674E5500A9A18B /* Library-cli */ = {
			isa = PBXNativeTarget;
			buildConfigurationList = F0E4608027674E5500A9A18B /* Build configuration list for PBXNativeTarget "Library-cli" */;
			buildPhases = (
				F0E4607527674E5500A9A18B /* Sources */,
				F0E4607627674E5500A9A18B /* Frameworks */,
				F0E4607727674E5500A9A18B /* CopyFiles */,
			);
			buildRules = (
			);
			dependencies = (
			);
			name = "Library-cli";
			productName = "Library-cli";
			productReference = F0E4607927674E5500A9A18B /* Library-cli */;
			productType = "com.apple.product-type.tool";
		};
/* End PBXNativeTarget section */

/* Begin PBXProject section */
		F0E4607127674E5500A9A18B /* Project object */ = {
			isa = PBXProject;
			attributes = {
				BuildIndependentTargetsInParallel = 1;
				LastUpgradeCheck = 1310;
				TargetAttributes = {
					F0E4607827674E5500A9A18B = {
						CreatedOnToolsVersion = 13.1;
					};
				};
			};
			buildConfigurationList = F0E4607427674E5500A9A18B /* Build configuration list for PBXProject "Library-cli" */;
			compatibilityVersion = "Xcode 13.0";
			developmentRegion = en;
			hasScannedForEncodings = 0;
			knownRegions = (
				en,
				Base,
			);
			mainGroup = F0E4607027674E5500A9A18B;
			productRefGroup = F0E4607A27674E5500A9A18B /* Products */;
			projectDirPath = "";
			projectRoot = "";
			targets = (
				F0E4607827674E5500A9A18B /* Library-cli */,
			);
		};
/* End PBXProject section */

/* Begin PBXSourcesBuildPhase section */
		F0E4607527674E5500A9A18B /* Sources */ = {
			isa = PBXSourcesBuildPhase;
			buildActionMask = 2147483647;
			files = (
				F0E4608527675A7A00A9A18B /* welcome.cpp in Sources */,
				F0E460882767760600A9A18B /* commands.cpp in Sources */,
				F0539A012768D2EB004DF3E0 /* log4me.cpp in Sources */,
				F00B6890276A435F00D5B877 /* countline.cpp in Sources */,
				F0E60B38276852C500B89741 /* commandn.cpp in Sources */,
				F0E4607D27674E5500A9A18B /* main.cpp in Sources */,
			);
			runOnlyForDeploymentPostprocessing = 0;
		};
/* End PBXSourcesBuildPhase section */

/* Begin XCBuildConfiguration section */
		F0E4607E27674E5500A9A18B /* Debug */ = {
			isa = XCBuildConfiguration;
			buildSettings = {
				ALWAYS_SEARCH_USER_PATHS = NO;
				CLANG_ANALYZER_NONNULL = YES;
				CLANG_ANALYZER_NUMBER_OBJECT_CONVERSION = YES_AGGRESSIVE;
				CLANG_CXX_LANGUAGE_STANDARD = "gnu++17";
				CLANG_CXX_LIBRARY = "libc++";
				CLANG_ENABLE_MODULES = YES;
				CLANG_ENABLE_OBJC_ARC = YES;
				CLANG_ENABLE_OBJC_WEAK = YES;
				CLANG_WARN_BLOCK_CAPTURE_AUTORELEASING = YES;
				CLANG_WARN_BOOL_CONVERSION = YES;
				CLANG_WARN_COMMA = YES;
				CLANG_WARN_CONSTANT_CONVERSION = YES;
				CLANG_WARN_DEPRECATED_OBJC_IMPLEMENTATIONS = YES;
				CLANG_WARN_DIRECT_OBJC_ISA_USAGE = YES_ERROR;
				CLANG_WARN_DOCUMENTATION_COMMENTS = YES;
				CLANG_WARN_EMPTY_BODY = YES;
				CLANG_WARN_ENUM_CONVERSION = YES;
				CLANG_WARN_INFINITE_RECURSION = YES;
				CLANG_WARN_INT_CONVERSION = YES;
				CLANG_WARN_NON_LITERAL_NULL_CONVERSION = YES;
				CLANG_WARN_OBJC_IMPLICIT_RETAIN_SELF = YES;
				CLANG_WARN_OBJC_LITERAL_CONVERSION = YES;
				CLANG_WARN_OBJC_ROOT_CLASS = YES_ERROR;
				CLANG_WARN_QUOTED_INCLUDE_IN_FRAMEWORK_HEADER = YES;
				CLANG_WARN_RANGE_LOOP_ANALYSIS = YES;
				CLANG_WARN_STRICT_PROTOTYPES = YES;
				CLANG_WARN_SUSPICIOUS_MOVE = YES;
				CLANG_WARN_UNGUARDED_AVAILABILITY = YES_AGGRESSIVE;
				CLANG_WARN_UNREACHABLE_CODE = YES;
				CLANG_WARN__DUPLICATE_METHOD_MATCH = YES;
				COPY_PHASE_STRIP = NO;
				DEBUG_INFORMATION_FORMAT = dwarf;
				ENABLE_STRICT_OBJC_MSGSEND = YES;
				ENABLE_TESTABILITY = YES;
				GCC_C_LANGUAGE_STANDARD = gnu11;
				GCC_DYNAMIC_NO_PIC = NO;
				GCC_NO_COMMON_BLOCKS = YES;
				GCC_OPTIMIZATION_LEVEL = 0;
				GCC_PREPROCESSOR_DEFINITIONS = (
					"DEBUG=1",
					"$(inherited)",
				);
				GCC_WARN_64_TO_32_BIT_CONVERSION = YES;
				GCC_WARN_ABOUT_RETURN_TYPE = YES_ERROR;
				GCC_WARN_UNDECLARED_SELECTOR = YES;
				GCC_WARN_UNINITIALIZED_AUTOS = YES_AGGRESSIVE;
				GCC_WARN_UNUSED_FUNCTION = YES;
				GCC_WARN_UNUSED_VARIABLE = YES;
				MACOSX_DEPLOYMENT_TARGET = 12.0;
				MTL_ENABLE_DEBUG_INFO = INCLUDE_SOURCE;
				MTL_FAST_MATH = YES;
				ONLY_ACTIVE_ARCH = YES;
				SDKROOT = macosx;
			};
			name = Debug;
		};
		F0E4607F27674E5500A9A18B /* Release */ = {
			isa = XCBuildConfiguration;
			buildSettings = {
				ALWAYS_SEARCH_USER_PATHS = NO;
				CLANG_ANALYZER_NONNULL = YES;
				CLANG_ANALYZER_NUMBER_OBJECT_CONVERSION = YES_AGGRESSIVE;
				CLANG_CXX_LANGUAGE_STANDARD = "gnu++17";
				CLANG_CXX_LIBRARY = "libc++";
				CLANG_ENABLE_MODULES = YES;
				CLANG_ENABLE_OBJC_ARC = YES;
				CLANG_ENABLE_OBJC_WEAK = YES;
				CLANG_WARN_BLOCK_CAPTURE_AUTORELEASING = YES;
				CLANG_WARN_BOOL_CONVERSION = YES;
				CLANG_WARN_COMMA = YES;
				CLANG_WARN_CONSTANT_CONVERSION = YES;
				CLANG_WARN_DEPRECATED_OBJC_IMPLEMENTATIONS = YES;
				CLANG_WARN_DIRECT_OBJC_ISA_USAGE = YES_ERROR;
				CLANG_WARN_DOCUMENTATION_COMMENTS = YES;
				CLANG_WARN_EMPTY_BODY = YES;
				CLANG_WARN_ENUM_CONVERSION = YES;
				CLANG_WARN_INFINITE_RECURSION = YES;
				CLANG_WARN_INT_CONVERSION = YES;
				CLANG_WARN_NON_LITERAL_NULL_CONVERSION = YES;
				CLANG_WARN_OBJC_IMPLICIT_RETAIN_SELF = YES;
				CLANG_WARN_OBJC_LITERAL_CONVERSION = YES;
				CLANG_WARN_OBJC_ROOT_CLASS = YES_ERROR;
				CLANG_WARN_QUOTED_INCLUDE_IN_FRAMEWORK_HEADER = YES;
				CLANG_WARN_RANGE_LOOP_ANALYSIS = YES;
				CLANG_WARN_STRICT_PROTOTYPES = YES;
				CLANG_WARN_SUSPICIOUS_MOVE = YES;
				CLANG_WARN_UNGUARDED_AVAILABILITY = YES_AGGRESSIVE;
				CLANG_WARN_UNREACHABLE_CODE = YES;
				CLANG_WARN__DUPLICATE_METHOD_MATCH = YES;
				COPY_PHASE_STRIP = NO;
				DEBUG_INFORMATION_FORMAT = "dwarf-with-dsym";
				ENABLE_NS_ASSERTIONS = NO;
				ENABLE_STRICT_OBJC_MSGSEND = YES;
				GCC_C_LANGUAGE_STANDARD = gnu11;
				GCC_NO_COMMON_BLOCKS = YES;
				GCC_WARN_64_TO_32_BIT_CONVERSION = YES;
				GCC_WARN_ABOUT_RETURN_TYPE = YES_ERROR;
				GCC_WARN_UNDECLARED_SELECTOR = YES;
				GCC_WARN_UNINITIALIZED_AUTOS = YES_AGGRESSIVE;
				GCC_WARN_UNUSED_FUNCTION = YES;
				GCC_WARN_UNUSED_VARIABLE = YES;
				MACOSX_DEPLOYMENT_TARGET = 12.0;
				MTL_ENABLE_DEBUG_INFO = NO;
				MTL_FAST_MATH = YES;
				SDKROOT = macosx;
			};
			name = Release;
		};
		F0E4608127674E5500A9A18B /* Debug */ = {
			isa = XCBuildConfiguration;
			buildSettings = {
				CODE_SIGN_STYLE = Automatic;
				DEVELOPMENT_TEAM = 2THD8JUBF5;
				ENABLE_HARDENED_RUNTIME = YES;
				PRODUCT_NAME = "$(TARGET_NAME)";
			};
			name = Debug;
		};
		F0E4608227674E5500A9A18B /* Release */ = {
			isa = XCBuildConfiguration;
			buildSettings = {
				CODE_SIGN_STYLE = Automatic;
				DEVELOPMENT_TEAM = 2THD8JUBF5;
				ENABLE_HARDENED_RUNTIME = YES;
				PRODUCT_NAME = "$(TARGET_NAME)";
			};
			name = Release;
		};
/* End XCBuildConfiguration section */

/* Begin XCConfigurationList section */
		F0E4607427674E5500A9A18B /* Build configuration list for PBXProject "Library-cli" */ = {
			isa = XCConfigurationList;
			buildConfigurations = (
				F0E4607E27674E5500A9A18B /* Debug */,
				F0E4607F27674E5500A9A18B /* Release */,
			);
			defaultConfigurationIsVisible = 0;
			defaultConfigurationName = Release;
		};
		F0E4608027674E5500A9A18B /* Build configuration list for PBXNativeTarget "Library-cli" */ = {
			isa = XCConfigurationList;
			buildConfigurations = (
				F0E4608127674E5500A9A18B /* Debug */,
				F0E4608227674E5500A9A18B /* Release */,
			);
			defaultConfigurationIsVisible = 0;
			defaultConfigurationName = Release;
		};
/* End XCConfigurationList section */
	};
	rootObject = F0E4607127674E5500A9A18B /* Project object */;
}
